
Microsoft Visual Studio Solution File, Format Version 12.00
# Visual Studio 14
VisualStudioVersion = 14.0.24720.0
MinimumVisualStudioVersion = 10.0.40219.1
Project("{FAE04EC0-301F-11D3-BF4B-00C04F79EFBC}") = "3-WebApi", "3-WebAPI\3-WebApi.csproj", "{228BAFE7-133B-4F30-A26E-91D6CA5A1E66}"
EndProject
Project("{FAE04EC0-301F-11D3-BF4B-00C04F79EFBC}") = "1-Model", "1-Model\1-Model.csproj", "{4C3E417B-58C2-4DAF-9106-187156203E4C}"
EndProject
Project("{FAE04EC0-301F-11D3-BF4B-00C04F79EFBC}") = "2-Services", "2-Services\2-Services.csproj", "{280559F7-F0EF-4F40-8EF8-4E8D86B4E70B}"
EndProject
Project("{2150E333-8FDC-42A3-9474-1A3956D46DE8}") = "Core", "Core", "{80257EBE-3DC1-4A3E-A769-2E84DB0539D0}"
EndProject
Project("{FAE04EC0-301F-11D3-BF4B-00C04F79EFBC}") = "Easy.SqlConfiguration", "Core\Easy.SqlConfig\Easy.SqlConfiguration.csproj", "{B98FA40F-E68D-4120-A7BE-524D486300C1}"
EndProject
Project("{FAE04EC0-301F-11D3-BF4B-00C04F79EFBC}") = "Easy.Office", "Core\Easy.Office\Easy.Office.csproj", "{28B83A53-1D0D-4371-B107-D4C19273A1A3}"
EndProject
Project("{FAE04EC0-301F-11D3-BF4B-00C04F79EFBC}") = "Easy.DataProxy", "Core\Easy.DataProxy\Easy.DataProxy.csproj", "{53FD5C32-B7D8-47E1-BE37-E00B253B67EB}"
EndProject
Project("{2150E333-8FDC-42A3-9474-1A3956D46DE8}") = "Logger", "Logger", "{19E2D87F-2923-4095-BDB4-39D522C9ED5E}"
EndProject
Project("{FAE04EC0-301F-11D3-BF4B-00C04F79EFBC}") = "ILogger", "Core\Logger\ILogger\ILogger.csproj", "{7827EB2F-07D3-4A82-84B1-7858DF5748F7}"
EndProject
Project("{FAE04EC0-301F-11D3-BF4B-00C04F79EFBC}") = "Log4netLogger", "Core\Logger\Log4netLogger\Log4netLogger.csproj", "{132F2282-F486-4F82-B8AC-8922B87E2C24}"
EndProject
Project("{E24C65DC-7377-472B-9ABA-BC803B73C61A}") = "Web", "..\Web\", "{B157FEB9-BF15-4C1C-80E0-BFC9B119A971}"
	ProjectSection(WebsiteProperties) = preProject
		TargetFrameworkMoniker = ".NETFramework,Version%3Dv4.0"
		Debug.AspNetCompiler.VirtualPath = "/localhost_4238"
		Debug.AspNetCompiler.PhysicalPath = "..\Web\"
		Debug.AspNetCompiler.TargetPath = "PrecompiledWeb\localhost_4238\"
		Debug.AspNetCompiler.Updateable = "true"
		Debug.AspNetCompiler.ForceOverwrite = "true"
		Debug.AspNetCompiler.FixedNames = "false"
		Debug.AspNetCompiler.Debug = "True"
		Release.AspNetCompiler.VirtualPath = "/localhost_4238"
		Release.AspNetCompiler.PhysicalPath = "..\Web\"
		Release.AspNetCompiler.TargetPath = "PrecompiledWeb\localhost_4238\"
		Release.AspNetCompiler.Updateable = "true"
		Release.AspNetCompiler.ForceOverwrite = "true"
		Release.AspNetCompiler.FixedNames = "false"
		Release.AspNetCompiler.Debug = "False"
		VWDPort = "4238"
	EndProjectSection
EndProject
Global
	GlobalSection(SolutionConfigurationPlatforms) = preSolution
		Debug|Any CPU = Debug|Any CPU
		Release|Any CPU = Release|Any CPU
	EndGlobalSection
	GlobalSection(ProjectConfigurationPlatforms) = postSolution
		{228BAFE7-133B-4F30-A26E-91D6CA5A1E66}.Debug|Any CPU.ActiveCfg = Debug|Any CPU
		{228BAFE7-133B-4F30-A26E-91D6CA5A1E66}.Debug|Any CPU.Build.0 = Debug|Any CPU
		{228BAFE7-133B-4F30-A26E-91D6CA5A1E66}.Release|Any CPU.ActiveCfg = Release|Any CPU
		{228BAFE7-133B-4F30-A26E-91D6CA5A1E66}.Release|Any CPU.Build.0 = Release|Any CPU
		{4C3E417B-58C2-4DAF-9106-187156203E4C}.Debug|Any CPU.ActiveCfg = Debug|Any CPU
		{4C3E417B-58C2-4DAF-9106-187156203E4C}.Debug|Any CPU.Build.0 = Debug|Any CPU
		{4C3E417B-58C2-4DAF-9106-187156203E4C}.Release|Any CPU.ActiveCfg = Release|Any CPU
		{4C3E417B-58C2-4DAF-9106-187156203E4C}.Release|Any CPU.Build.0 = Release|Any CPU
		{280559F7-F0EF-4F40-8EF8-4E8D86B4E70B}.Debug|Any CPU.ActiveCfg = Debug|Any CPU
		{280559F7-F0EF-4F40-8EF8-4E8D86B4E70B}.Debug|Any CPU.Build.0 = Debug|Any CPU
		{280559F7-F0EF-4F40-8EF8-4E8D86B4E70B}.Release|Any CPU.ActiveCfg = Release|Any CPU
		{280559F7-F0EF-4F40-8EF8-4E8D86B4E70B}.Release|Any CPU.Build.0 = Release|Any CPU
		{B98FA40F-E68D-4120-A7BE-524D486300C1}.Debug|Any CPU.ActiveCfg = Debug|Any CPU
		{B98FA40F-E68D-4120-A7BE-524D486300C1}.Debug|Any CPU.Build.0 = Debug|Any CPU
		{B98FA40F-E68D-4120-A7BE-524D486300C1}.Release|Any CPU.ActiveCfg = Release|Any CPU
		{B98FA40F-E68D-4120-A7BE-524D486300C1}.Release|Any CPU.Build.0 = Release|Any CPU
		{28B83A53-1D0D-4371-B107-D4C19273A1A3}.Debug|Any CPU.ActiveCfg = Debug|Any CPU
		{28B83A53-1D0D-4371-B107-D4C19273A1A3}.Debug|Any CPU.Build.0 = Debug|Any CPU
		{28B83A53-1D0D-4371-B107-D4C19273A1A3}.Release|Any CPU.ActiveCfg = Release|Any CPU
		{28B83A53-1D0D-4371-B107-D4C19273A1A3}.Release|Any CPU.Build.0 = Release|Any CPU
		{53FD5C32-B7D8-47E1-BE37-E00B253B67EB}.Debug|Any CPU.ActiveCfg = Debug|Any CPU
		{53FD5C32-B7D8-47E1-BE37-E00B253B67EB}.Debug|Any CPU.Build.0 = Debug|Any CPU
		{53FD5C32-B7D8-47E1-BE37-E00B253B67EB}.Release|Any CPU.ActiveCfg = Release|Any CPU
		{53FD5C32-B7D8-47E1-BE37-E00B253B67EB}.Release|Any CPU.Build.0 = Release|Any CPU
		{7827EB2F-07D3-4A82-84B1-7858DF5748F7}.Debug|Any CPU.ActiveCfg = Debug|Any CPU
		{7827EB2F-07D3-4A82-84B1-7858DF5748F7}.Debug|Any CPU.Build.0 = Debug|Any CPU
		{7827EB2F-07D3-4A82-84B1-7858DF5748F7}.Release|Any CPU.ActiveCfg = Release|Any CPU
		{7827EB2F-07D3-4A82-84B1-7858DF5748F7}.Release|Any CPU.Build.0 = Release|Any CPU
		{132F2282-F486-4F82-B8AC-8922B87E2C24}.Debug|Any CPU.ActiveCfg = Debug|Any CPU
		{132F2282-F486-4F82-B8AC-8922B87E2C24}.Debug|Any CPU.Build.0 = Debug|Any CPU
		{132F2282-F486-4F82-B8AC-8922B87E2C24}.Release|Any CPU.ActiveCfg = Release|Any CPU
		{132F2282-F486-4F82-B8AC-8922B87E2C24}.Release|Any CPU.Build.0 = Release|Any CPU
		{B157FEB9-BF15-4C1C-80E0-BFC9B119A971}.Debug|Any CPU.ActiveCfg = Debug|Any CPU
		{B157FEB9-BF15-4C1C-80E0-BFC9B119A971}.Debug|Any CPU.Build.0 = Debug|Any CPU
		{B157FEB9-BF15-4C1C-80E0-BFC9B119A971}.Release|Any CPU.ActiveCfg = Debug|Any CPU
		{B157FEB9-BF15-4C1C-80E0-BFC9B119A971}.Release|Any CPU.Build.0 = Debug|Any CPU
	EndGlobalSection
	GlobalSection(SolutionProperties) = preSolution
		HideSolutionNode = FALSE
	EndGlobalSection
	GlobalSection(NestedProjects) = preSolution
		{B98FA40F-E68D-4120-A7BE-524D486300C1} = {80257EBE-3DC1-4A3E-A769-2E84DB0539D0}
		{28B83A53-1D0D-4371-B107-D4C19273A1A3} = {80257EBE-3DC1-4A3E-A769-2E84DB0539D0}
		{53FD5C32-B7D8-47E1-BE37-E00B253B67EB} = {80257EBE-3DC1-4A3E-A769-2E84DB0539D0}
		{7827EB2F-07D3-4A82-84B1-7858DF5748F7} = {19E2D87F-2923-4095-BDB4-39D522C9ED5E}
		{132F2282-F486-4F82-B8AC-8922B87E2C24} = {19E2D87F-2923-4095-BDB4-39D522C9ED5E}
	EndGlobalSection
EndGlobal
